// !$*UTF8*$!
{
	archiveVersion = 1;
	classes = {
	};
	objectVersion = 46;
	objects = {

/* Begin PBXBuildFile section */
		F121BE871EEFFA92005A722C /* CalculatorViewController.swift in Sources */ = {isa = PBXBuildFile; fileRef = F121BE861EEFFA92005A722C /* CalculatorViewController.swift */; };
		F121BE891EF0052A005A722C /* CalculatorBrain.swift in Sources */ = {isa = PBXBuildFile; fileRef = F121BE881EF0052A005A722C /* CalculatorBrain.swift */; };
		F131603C1EEFF31800C7EECF /* AppDelegate.swift in Sources */ = {isa = PBXBuildFile; fileRef = F131603B1EEFF31800C7EECF /* AppDelegate.swift */; };
		F13160411EEFF31800C7EECF /* Main.storyboard in Resources */ = {isa = PBXBuildFile; fileRef = F131603F1EEFF31800C7EECF /* Main.storyboard */; };
		F13160431EEFF31800C7EECF /* Assets.xcassets in Resources */ = {isa = PBXBuildFile; fileRef = F13160421EEFF31800C7EECF /* Assets.xcassets */; };
		F13160461EEFF31800C7EECF /* LaunchScreen.storyboard in Resources */ = {isa = PBXBuildFile; fileRef = F13160441EEFF31800C7EECF /* LaunchScreen.storyboard */; };
/* End PBXBuildFile section */

/* Begin PBXFileReference section */
		F121BE861EEFFA92005A722C /* CalculatorViewController.swift */ = {isa = PBXFileReference; fileEncoding = 4; lastKnownFileType = sourcecode.swift; path = CalculatorViewController.swift; sourceTree = "<group>"; };
		F121BE881EF0052A005A722C /* CalculatorBrain.swift */ = {isa = PBXFileReference; fileEncoding = 4; lastKnownFileType = sourcecode.swift; path = CalculatorBrain.swift; sourceTree = "<group>"; };
		F13160381EEFF31800C7EECF /* Calculator.app */ = {isa = PBXFileReference; explicitFileType = wrapper.application; includeInIndex = 0; path = Calculator.app; sourceTree = BUILT_PRODUCTS_DIR; };
		F131603B1EEFF31800C7EECF /* AppDelegate.swift */ = {isa = PBXFileReference; lastKnownFileType = sourcecode.swift; path = AppDelegate.swift; sourceTree = "<group>"; };
		F13160401EEFF31800C7EECF /* Base */ = {isa = PBXFileReference; lastKnownFileType = file.storyboard; name = Base; path = Base.lproj/Main.storyboard; sourceTree = "<group>"; };
		F13160421EEFF31800C7EECF /* Assets.xcassets */ = {isa = PBXFileReference; lastKnownFileType = folder.assetcatalog; path = Assets.xcassets; sourceTree = "<group>"; };
		F13160451EEFF31800C7EECF /* Base */ = {isa = PBXFileReference; lastKnownFileType = file.storyboard; name = Base; path = Base.lproj/LaunchScreen.storyboard; sourceTree = "<group>"; };
		F13160471EEFF31800C7EECF /* Info.plist */ = {isa = PBXFileReference; lastKnownFileType = text.plist.xml; path = Info.plist; sourceTree = "<group>"; };
/* End PBXFileReference section */

/* Begin PBXFrameworksBuildPhase section */
		F13160351EEFF31800C7EECF /* Frameworks */ = {
			isa = PBXFrameworksBuildPhase;
			buildActionMask = 2147483647;
			files = (
			);
			runOnlyForDeploymentPostprocessing = 0;
		};
/* End PBXFrameworksBuildPhase section */

/* Begin PBXGroup section */
		F121BE851EEFFA28005A722C /* SupportingFiles */ = {
			isa = PBXGroup;
			children = (
				F13160421EEFF31800C7EECF /* Assets.xcassets */,
				F13160441EEFF31800C7EECF /* LaunchScreen.storyboard */,
				F13160471EEFF31800C7EECF /* Info.plist */,
			);
			name = SupportingFiles;
			sourceTree = "<group>";
		};
		F131602F1EEFF31800C7EECF = {
			isa = PBXGroup;
			children = (
				F131603A1EEFF31800C7EECF /* Calculator */,
				F13160391EEFF31800C7EECF /* Products */,
			);
			sourceTree = "<group>";
		};
		F13160391EEFF31800C7EECF /* Products */ = {
			isa = PBXGroup;
			children = (
				F13160381EEFF31800C7EECF /* Calculator.app */,
			);
			name = Products;
			sourceTree = "<group>";
		};
		F131603A1EEFF31800C7EECF /* Calculator */ = {
			isa = PBXGroup;
			children = (
				F131603B1EEFF31800C7EECF /* AppDelegate.swift */,
				F121BE881EF0052A005A722C /* CalculatorBrain.swift */,
				F121BE861EEFFA92005A722C /* CalculatorViewController.swift */,
				F131603F1EEFF31800C7EECF /* Main.storyboard */,
				F121BE851EEFFA28005A722C /* SupportingFiles */,
			);
			path = Calculator;
			sourceTree = "<group>";
		};
/* End PBXGroup section */

/* Begin PBXNativeTarget section */
		F13160371EEFF31800C7EECF /* Calculator */ = {
			isa = PBXNativeTarget;
			buildConfigurationList = F131604A1EEFF31800C7EECF /* Build configuration list for PBXNativeTarget "Calculator" */;
			buildPhases = (
				F13160341EEFF31800C7EECF /* Sources */,
				F13160351EEFF31800C7EECF /* Frameworks */,
				F13160361EEFF31800C7EECF /* Resources */,
			);
			buildRules = (
			);
			dependencies = (
			);
			name = Calculator;
			productName = Calculator;
			productReference = F13160381EEFF31800C7EECF /* Calculator.app */;
			productType = "com.apple.product-type.application";
		};
/* End PBXNativeTarget section */

/* Begin PBXProject section */
		F13160301EEFF31800C7EECF /* Project object */ = {
			isa = PBXProject;
			attributes = {
				LastSwiftUpdateCheck = 0830;
				LastUpgradeCheck = 0830;
				ORGANIZATIONNAME = "Akerke Okapova";
				TargetAttributes = {
					F13160371EEFF31800C7EECF = {
						CreatedOnToolsVersion = 8.3.3;
						DevelopmentTeam = PN9LW35DK2;
						ProvisioningStyle = Automatic;
					};
				};
			};
			buildConfigurationList = F13160331EEFF31800C7EECF /* Build configuration list for PBXProject "Calculator" */;
			compatibilityVersion = "Xcode 3.2";
			developmentRegion = English;
			hasScannedForEncodings = 0;
			knownRegions = (
				en,
				Base,
			);
			mainGroup = F131602F1EEFF31800C7EECF;
			productRefGroup = F13160391EEFF31800C7EECF /* Products */;
			projectDirPath = "";
			projectRoot = "";
			targets = (
				F13160371EEFF31800C7EECF /* Calculator */,
			);
		};
/* End PBXProject section */

/* Begin PBXResourcesBuildPhase section */
		F13160361EEFF31800C7EECF /* Resources */ = {
			isa = PBXResourcesBuildPhase;
			buildActionMask = 2147483647;
			files = (
				F13160461EEFF31800C7EECF /* LaunchScreen.storyboard in Resources */,
				F13160431EEFF31800C7EECF /* Assets.xcassets in Resources */,
				F13160411EEFF31800C7EECF /* Main.storyboard in Resources */,
			);
			runOnlyForDeploymentPostprocessing = 0;
		};
/* End PBXResourcesBuildPhase section */

/* Begin PBXSourcesBuildPhase section */
		F13160341EEFF31800C7EECF /* Sources */ = {
			isa = PBXSourcesBuildPhase;
			buildActionMask = 2147483647;
			files = (
				F121BE891EF0052A005A722C /* CalculatorBrain.swift in Sources */,
				F121BE871EEFFA92005A722C /* CalculatorViewController.swift in Sources */,
				F131603C1EEFF31800C7EECF /* AppDelegate.swift in Sources */,
			);
			runOnlyForDeploymentPostprocessing = 0;
		};
/* End PBXSourcesBuildPhase section */

/* Begin PBXVariantGroup section */
		F131603F1EEFF31800C7EECF /* Main.storyboard */ = {
			isa = PBXVariantGroup;
			children = (
				F13160401EEFF31800C7EECF /* Base */,
			);
			name = Main.storyboard;
			sourceTree = "<group>";
		};
		F13160441EEFF31800C7EECF /* LaunchScreen.storyboard */ = {
			isa = PBXVariantGroup;
			children = (
				F13160451EEFF31800C7EECF /* Base */,
			);
			name = LaunchScreen.storyboard;
			sourceTree = "<group>";
		};
/* End PBXVariantGroup section */

/* Begin XCBuildConfiguration section */
		F13160481EEFF31800C7EECF /* Debug */ = {
			isa = XCBuildConfiguration;
			buildSettings = {
				ALWAYS_SEARCH_USER_PATHS = NO;
				CLANG_ANALYZER_NONNULL = YES;
				CLANG_ANALYZER_NUMBER_OBJECT_CONVERSION = YES_AGGRESSIVE;
				CLANG_CXX_LANGUAGE_STANDARD = "gnu++0x";
				CLANG_CXX_LIBRARY = "libc++";
				CLANG_ENABLE_MODULES = YES;
				CLANG_ENABLE_OBJC_ARC = YES;
				CLANG_WARN_BOOL_CONVERSION = YES;
				CLANG_WARN_CONSTANT_CONVERSION = YES;
				CLANG_WARN_DIRECT_OBJC_ISA_USAGE = YES_ERROR;
				CLANG_WARN_DOCUMENTATION_COMMENTS = YES;
				CLANG_WARN_EMPTY_BODY = YES;
				CLANG_WARN_ENUM_CONVERSION = YES;
				CLANG_WARN_INFINITE_RECURSION = YES;
				CLANG_WARN_INT_CONVERSION = YES;
				CLANG_WARN_OBJC_ROOT_CLASS = YES_ERROR;
				CLANG_WARN_SUSPICIOUS_MOVE = YES;
				CLANG_WARN_UNREACHABLE_CODE = YES;
				CLANG_WARN__DUPLICATE_METHOD_MATCH = YES;
				"CODE_SIGN_IDENTITY[sdk=iphoneos*]" = "iPhone Developer";
				COPY_PHASE_STRIP = NO;
				DEBUG_INFORMATION_FORMAT = dwarf;
				ENABLE_STRICT_OBJC_MSGSEND = YES;
				ENABLE_TESTABILITY = YES;
				GCC_C_LANGUAGE_STANDARD = gnu99;
				GCC_DYNAMIC_NO_PIC = NO;
				GCC_NO_COMMON_BLOCKS = YES;
				GCC_OPTIMIZATION_LEVEL = 0;
				GCC_PREPROCESSOR_DEFINITIONS = (
					"DEBUG=1",
					"$(inherited)",
				);
				GCC_WARN_64_TO_32_BIT_CONVERSION = YES;
				GCC_WARN_ABOUT_RETURN_TYPE = YES_ERROR;
				GCC_WARN_UNDECLARED_SELECTOR = YES;
				GCC_WARN_UNINITIALIZED_AUTOS = YES_AGGRESSIVE;
				GCC_WARN_UNUSED_FUNCTION = YES;
				GCC_WARN_UNUSED_VARIABLE = YES;
				IPHONEOS_DEPLOYMENT_TARGET = 10.3;
				MTL_ENABLE_DEBUG_INFO = YES;
				ONLY_ACTIVE_ARCH = YES;
				SDKROOT = iphoneos;
				SWIFT_ACTIVE_COMPILATION_CONDITIONS = DEBUG;
				SWIFT_OPTIMIZATION_LEVEL = "-Onone";
			};
			name = Debug;
		};
		F13160491EEFF31800C7EECF /* Release */ = {
			isa = XCBuildConfiguration;
			buildSettings = {
				ALWAYS_SEARCH_USER_PATHS = NO;
				CLANG_ANALYZER_NONNULL = YES;
				CLANG_ANALYZER_NUMBER_OBJECT_CONVERSION = YES_AGGRESSIVE;
				CLANG_CXX_LANGUAGE_STANDARD = "gnu++0x";
				CLANG_CXX_LIBRARY = "libc++";
				CLANG_ENABLE_MODULES = YES;
				CLANG_ENABLE_OBJC_ARC = YES;
				CLANG_WARN_BOOL_CONVERSION = YES;
				CLANG_WARN_CONSTANT_CONVERSION = YES;
				CLANG_WARN_DIRECT_OBJC_ISA_USAGE = YES_ERROR;
				CLANG_WARN_DOCUMENTATION_COMMENTS = YES;
				CLANG_WARN_EMPTY_BODY = YES;
				CLANG_WARN_ENUM_CONVERSION = YES;
				CLANG_WARN_INFINITE_RECURSION = YES;
				CLANG_WARN_INT_CONVERSION = YES;
				CLANG_WARN_OBJC_ROOT_CLASS = YES_ERROR;
				CLANG_WARN_SUSPICIOUS_MOVE = YES;
				CLANG_WARN_UNREACHABLE_CODE = YES;
				CLANG_WARN__DUPLICATE_METHOD_MATCH = YES;
				"CODE_SIGN_IDENTITY[sdk=iphoneos*]" = "iPhone Developer";
				COPY_PHASE_STRIP = NO;
				DEBUG_INFORMATION_FORMAT = "dwarf-with-dsym";
				ENABLE_NS_ASSERTIONS = NO;
				ENABLE_STRICT_OBJC_MSGSEND = YES;
				GCC_C_LANGUAGE_STANDARD = gnu99;
				GCC_NO_COMMON_BLOCKS = YES;
				GCC_WARN_64_TO_32_BIT_CONVERSION = YES;
				GCC_WARN_ABOUT_RETURN_TYPE = YES_ERROR;
				GCC_WARN_UNDECLARED_SELECTOR = YES;
				GCC_WARN_UNINITIALIZED_AUTOS = YES_AGGRESSIVE;
				GCC_WARN_UNUSED_FUNCTION = YES;
				GCC_WARN_UNUSED_VARIABLE = YES;
				IPHONEOS_DEPLOYMENT_TARGET = 10.3;
				MTL_ENABLE_DEBUG_INFO = NO;
				SDKROOT = iphoneos;
				SWIFT_OPTIMIZATION_LEVEL = "-Owholemodule";
				VALIDATE_PRODUCT = YES;
			};
			name = Release;
		};
		F131604B1EEFF31800C7EECF /* Debug */ = {
			isa = XCBuildConfiguration;
			buildSettings = {
				ASSETCATALOG_COMPILER_APPICON_NAME = AppIcon;
				DEVELOPMENT_TEAM = PN9LW35DK2;
				INFOPLIST_FILE = Calculator/Info.plist;
				IPHONEOS_DEPLOYMENT_TARGET = 9.0;
				LD_RUNPATH_SEARCH_PATHS = "$(inherited) @executable_path/Frameworks";
				PRODUCT_BUNDLE_IDENTIFIER = akerke.Calculator;
				PRODUCT_NAME = "$(TARGET_NAME)";
				SWIFT_VERSION = 3.0;
				TARGETED_DEVICE_FAMILY = 1;
			};
			name = Debug;
		};
		F131604C1EEFF31800C7EECF /* Release */ = {
			isa = XCBuildConfiguration;
			buildSettings = {
				ASSETCATALOG_COMPILER_APPICON_NAME = AppIcon;
				DEVELOPMENT_TEAM = PN9LW35DK2;
				INFOPLIST_FILE = Calculator/Info.plist;
				IPHONEOS_DEPLOYMENT_TARGET = 9.0;
				LD_RUNPATH_SEARCH_PATHS = "$(inherited) @executable_path/Frameworks";
				PRODUCT_BUNDLE_IDENTIFIER = akerke.Calculator;
				PRODUCT_NAME = "$(TARGET_NAME)";
				SWIFT_VERSION = 3.0;
				TARGETED_DEVICE_FAMILY = 1;
			};
			name = Release;
		};
/* End XCBuildConfiguration section */

/* Begin XCConfigurationList section */
		F13160331EEFF31800C7EECF /* Build configuration list for PBXProject "Calculator" */ = {
			isa = XCConfigurationList;
			buildConfigurations = (
				F13160481EEFF31800C7EECF /* Debug */,
				F13160491EEFF31800C7EECF /* Release */,
			);
			defaultConfigurationIsVisible = 0;
			defaultConfigurationName = Release;
		};
		F131604A1EEFF31800C7EECF /* Build configuration list for PBXNativeTarget "Calculator" */ = {
			isa = XCConfigurationList;
			buildConfigurations = (
				F131604B1EEFF31800C7EECF /* Debug */,
				F131604C1EEFF31800C7EECF /* Release */,
			);
			defaultConfigurationIsVisible = 0;
			defaultConfigurationName = Release;
		};
/* End XCConfigurationList section */
	};
	rootObject = F13160301EEFF31800C7EECF /* Project object */;
}
